PODS:
  - Flutter (1.0.0)
  - torch_light (0.0.1):
    - Flutter

DEPENDENCIES:
  - Flutter (from `Flutter`)
  - torch_light (from `.symlinks/plugins/torch_light/ios`)

EXTERNAL SOURCES:
  Flutter:
    :path: Flutter
  torch_light:
    :path: ".symlinks/plugins/torch_light/ios"

SPEC CHECKSUMS:
  Flutter: e0871f40cf51350855a761d2e70bf5af5b9b5de7
  torch_light: 682062fa12102172fa38b6b14c106d93b060f83e

PODFILE CHECKSUM: c4c93c5f6502fe2754f48404d3594bf779584011

COCOAPODS: 1.15.2
